
Microsoft Visual Studio Solution File, Format Version 12.00
# Visual Studio Version 16
VisualStudioVersion = 16.0.30621.155
MinimumVisualStudioVersion = 10.0.40219.1
Project("{FAE04EC0-301F-11D3-BF4B-00C04F79EFBC}") = "TravelAutomation", "4.Sayfa\TravelAutomation.csproj", "{56EFADA3-97E7-4E95-8507-1027186E469D}"
EndProject
Global
	GlobalSection(SolutionConfigurationPlatforms) = preSolution
		Debug|Any CPU = Debug|Any CPU
		Release|Any CPU = Release|Any CPU
	EndGlobalSection
	GlobalSection(ProjectConfigurationPlatforms) = postSolution
		{56EFADA3-97E7-4E95-8507-1027186E469D}.Debug|Any CPU.ActiveCfg = Debug|Any CPU
		{56EFADA3-97E7-4E95-8507-1027186E469D}.Debug|Any CPU.Build.0 = Debug|Any CPU
		{56EFADA3-97E7-4E95-8507-1027186E469D}.Release|Any CPU.ActiveCfg = Release|Any CPU
		{56EFADA3-97E7-4E95-8507-1027186E469D}.Release|Any CPU.Build.0 = Release|Any CPU
	EndGlobalSection
	GlobalSection(SolutionProperties) = preSolution
		HideSolutionNode = FALSE
	EndGlobalSection
	GlobalSection(ExtensibilityGlobals) = postSolution
		SolutionGuid = {7850CB12-54BB-46BF-90BB-C610D118F37A}
	EndGlobalSection
EndGlobal
